{
  "name": "readable",
  "version": "0.1.0",
  "lockfileVersion": 1,
  "requires": true,
  "dependencies": {
    "@fortawesome/fontawesome": {
      "version": "0.0.16",
      "resolved": "https://registry.npmjs.org/@fortawesome/fontawesome/-/fontawesome-0.0.16.tgz",
      "integrity": "sha512-CLESfKYtf25T4BJqPpecGvPmyzAxcqbsHQRyxBojgtmqmWoXsNXNH30kvwteQSuorRCwnRKhO01Rs6vKPd8GYw=="
    },
    "@fortawesome/react-fontawesome": {
      "version": "0.0.7",
      "resolved": "https://registry.npmjs.org/@fortawesome/react-fontawesome/-/react-fontawesome-0.0.7.tgz",
      "integrity": "sha512-5HiwtpH6tvcsh+oGl3AQG1rS3gdWHsfgnXHhts33IPAjLfRBKLzBG/5/HkmS2mNVrgPONtpYM+jCvcPt9qzDSQ==",
      "requires": {
        "camelcase": "4.1.0"
      }
    },
    "camelcase": {
      "version": "4.1.0",
      "resolved": "https://registry.npmjs.org/camelcase/-/camelcase-4.1.0.tgz",
      "integrity": "sha1-1UVjW+HjPFQmScaRc+Xeas+uNN0="
    }
  }
}
